// !$*UTF8*$!
{
	archiveVersion = 1;
	classes = {
	};
	objectVersion = 56;
	objects = {

/* Begin PBXBuildFile section */
		634CDCBA292DA50C0016CCFE /* AppDelegate.swift in Sources */ = {isa = PBXBuildFile; fileRef = 634CDCB9292DA50C0016CCFE /* AppDelegate.swift */; };
		634CDCBC292DA50C0016CCFE /* SceneDelegate.swift in Sources */ = {isa = PBXBuildFile; fileRef = 634CDCBB292DA50C0016CCFE /* SceneDelegate.swift */; };
		634CDCBE292DA50C0016CCFE /* MenuViewController.swift in Sources */ = {isa = PBXBuildFile; fileRef = 634CDCBD292DA50C0016CCFE /* MenuViewController.swift */; };
		634CDCC1292DA50C0016CCFE /* Main.storyboard in Resources */ = {isa = PBXBuildFile; fileRef = 634CDCBF292DA50C0016CCFE /* Main.storyboard */; };
		634CDCC4292DA50C0016CCFE /* filter_video.xcdatamodeld in Sources */ = {isa = PBXBuildFile; fileRef = 634CDCC2292DA50C0016CCFE /* filter_video.xcdatamodeld */; };
		634CDCC6292DA50E0016CCFE /* Assets.xcassets in Resources */ = {isa = PBXBuildFile; fileRef = 634CDCC5292DA50E0016CCFE /* Assets.xcassets */; };
		634CDCC9292DA50E0016CCFE /* LaunchScreen.storyboard in Resources */ = {isa = PBXBuildFile; fileRef = 634CDCC7292DA50E0016CCFE /* LaunchScreen.storyboard */; };
		634CDCD8292DBD570016CCFE /* VideoHelper.swift in Sources */ = {isa = PBXBuildFile; fileRef = 634CDCD7292DBD570016CCFE /* VideoHelper.swift */; };
		634CDCDC292E52480016CCFE /* VideoEditor.swift in Sources */ = {isa = PBXBuildFile; fileRef = 634CDCDB292E52480016CCFE /* VideoEditor.swift */; };
		634CDCDE292F516E0016CCFE /* PlayerViewController.swift in Sources */ = {isa = PBXBuildFile; fileRef = 634CDCDD292F516E0016CCFE /* PlayerViewController.swift */; };
/* End PBXBuildFile section */

/* Begin PBXFileReference section */
		634CDCB6292DA50C0016CCFE /* filter-video.app */ = {isa = PBXFileReference; explicitFileType = wrapper.application; includeInIndex = 0; path = "filter-video.app"; sourceTree = BUILT_PRODUCTS_DIR; };
		634CDCB9292DA50C0016CCFE /* AppDelegate.swift */ = {isa = PBXFileReference; lastKnownFileType = sourcecode.swift; path = AppDelegate.swift; sourceTree = "<group>"; };
		634CDCBB292DA50C0016CCFE /* SceneDelegate.swift */ = {isa = PBXFileReference; lastKnownFileType = sourcecode.swift; path = SceneDelegate.swift; sourceTree = "<group>"; };
		634CDCBD292DA50C0016CCFE /* MenuViewController.swift */ = {isa = PBXFileReference; lastKnownFileType = sourcecode.swift; path = MenuViewController.swift; sourceTree = "<group>"; };
		634CDCC0292DA50C0016CCFE /* Base */ = {isa = PBXFileReference; lastKnownFileType = file.storyboard; name = Base; path = Base.lproj/Main.storyboard; sourceTree = "<group>"; };
		634CDCC3292DA50C0016CCFE /* filter_video.xcdatamodel */ = {isa = PBXFileReference; lastKnownFileType = wrapper.xcdatamodel; path = filter_video.xcdatamodel; sourceTree = "<group>"; };
		634CDCC5292DA50E0016CCFE /* Assets.xcassets */ = {isa = PBXFileReference; lastKnownFileType = folder.assetcatalog; path = Assets.xcassets; sourceTree = "<group>"; };
		634CDCC8292DA50E0016CCFE /* Base */ = {isa = PBXFileReference; lastKnownFileType = file.storyboard; name = Base; path = Base.lproj/LaunchScreen.storyboard; sourceTree = "<group>"; };
		634CDCCA292DA50E0016CCFE /* Info.plist */ = {isa = PBXFileReference; lastKnownFileType = text.plist.xml; path = Info.plist; sourceTree = "<group>"; };
		634CDCD7292DBD570016CCFE /* VideoHelper.swift */ = {isa = PBXFileReference; lastKnownFileType = sourcecode.swift; path = VideoHelper.swift; sourceTree = "<group>"; };
		634CDCDB292E52480016CCFE /* VideoEditor.swift */ = {isa = PBXFileReference; lastKnownFileType = sourcecode.swift; path = VideoEditor.swift; sourceTree = "<group>"; };
		634CDCDD292F516E0016CCFE /* PlayerViewController.swift */ = {isa = PBXFileReference; lastKnownFileType = sourcecode.swift; path = PlayerViewController.swift; sourceTree = "<group>"; };
/* End PBXFileReference section */

/* Begin PBXFrameworksBuildPhase section */
		634CDCB3292DA50C0016CCFE /* Frameworks */ = {
			isa = PBXFrameworksBuildPhase;
			buildActionMask = 2147483647;
			files = (
			);
			runOnlyForDeploymentPostprocessing = 0;
		};
/* End PBXFrameworksBuildPhase section */

/* Begin PBXGroup section */
		634CDCAD292DA50C0016CCFE = {
			isa = PBXGroup;
			children = (
				634CDCB8292DA50C0016CCFE /* filter-video */,
				634CDCB7292DA50C0016CCFE /* Products */,
			);
			sourceTree = "<group>";
		};
		634CDCB7292DA50C0016CCFE /* Products */ = {
			isa = PBXGroup;
			children = (
				634CDCB6292DA50C0016CCFE /* filter-video.app */,
			);
			name = Products;
			sourceTree = "<group>";
		};
		634CDCB8292DA50C0016CCFE /* filter-video */ = {
			isa = PBXGroup;
			children = (
				634CDCD3292DA56E0016CCFE /* App */,
				634CDCD2292DA5540016CCFE /* Controller */,
				634CDCD1292DA52E0016CCFE /* Model */,
				634CDCD0292DA5280016CCFE /* View */,
				634CDCD6292DBD3F0016CCFE /* Utility */,
				634CDCD5292DA58A0016CCFE /* Resource */,
				634CDCCA292DA50E0016CCFE /* Info.plist */,
				634CDCC2292DA50C0016CCFE /* filter_video.xcdatamodeld */,
			);
			path = "filter-video";
			sourceTree = "<group>";
		};
		634CDCD0292DA5280016CCFE /* View */ = {
			isa = PBXGroup;
			children = (
				634CDCBF292DA50C0016CCFE /* Main.storyboard */,
				634CDCC7292DA50E0016CCFE /* LaunchScreen.storyboard */,
			);
			path = View;
			sourceTree = "<group>";
		};
		634CDCD1292DA52E0016CCFE /* Model */ = {
			isa = PBXGroup;
			children = (
				634CDCDB292E52480016CCFE /* VideoEditor.swift */,
			);
			path = Model;
			sourceTree = "<group>";
		};
		634CDCD2292DA5540016CCFE /* Controller */ = {
			isa = PBXGroup;
			children = (
				634CDCBD292DA50C0016CCFE /* MenuViewController.swift */,
				634CDCDD292F516E0016CCFE /* PlayerViewController.swift */,
			);
			path = Controller;
			sourceTree = "<group>";
		};
		634CDCD3292DA56E0016CCFE /* App */ = {
			isa = PBXGroup;
			children = (
				634CDCB9292DA50C0016CCFE /* AppDelegate.swift */,
				634CDCBB292DA50C0016CCFE /* SceneDelegate.swift */,
			);
			path = App;
			sourceTree = "<group>";
		};
		634CDCD5292DA58A0016CCFE /* Resource */ = {
			isa = PBXGroup;
			children = (
				634CDCC5292DA50E0016CCFE /* Assets.xcassets */,
			);
			path = Resource;
			sourceTree = "<group>";
		};
		634CDCD6292DBD3F0016CCFE /* Utility */ = {
			isa = PBXGroup;
			children = (
				634CDCD7292DBD570016CCFE /* VideoHelper.swift */,
			);
			path = Utility;
			sourceTree = "<group>";
		};
/* End PBXGroup section */

/* Begin PBXNativeTarget section */
		634CDCB5292DA50C0016CCFE /* filter-video */ = {
			isa = PBXNativeTarget;
			buildConfigurationList = 634CDCCD292DA50E0016CCFE /* Build configuration list for PBXNativeTarget "filter-video" */;
			buildPhases = (
				634CDCB2292DA50C0016CCFE /* Sources */,
				634CDCB3292DA50C0016CCFE /* Frameworks */,
				634CDCB4292DA50C0016CCFE /* Resources */,
			);
			buildRules = (
			);
			dependencies = (
			);
			name = "filter-video";
			productName = "filter-video";
			productReference = 634CDCB6292DA50C0016CCFE /* filter-video.app */;
			productType = "com.apple.product-type.application";
		};
/* End PBXNativeTarget section */

/* Begin PBXProject section */
		634CDCAE292DA50C0016CCFE /* Project object */ = {
			isa = PBXProject;
			attributes = {
				BuildIndependentTargetsInParallel = 1;
				LastSwiftUpdateCheck = 1400;
				LastUpgradeCheck = 1400;
				TargetAttributes = {
					634CDCB5292DA50C0016CCFE = {
						CreatedOnToolsVersion = 14.0;
					};
				};
			};
			buildConfigurationList = 634CDCB1292DA50C0016CCFE /* Build configuration list for PBXProject "filter-video" */;
			compatibilityVersion = "Xcode 14.0";
			developmentRegion = en;
			hasScannedForEncodings = 0;
			knownRegions = (
				en,
				Base,
			);
			mainGroup = 634CDCAD292DA50C0016CCFE;
			productRefGroup = 634CDCB7292DA50C0016CCFE /* Products */;
			projectDirPath = "";
			projectRoot = "";
			targets = (
				634CDCB5292DA50C0016CCFE /* filter-video */,
			);
		};
/* End PBXProject section */

/* Begin PBXResourcesBuildPhase section */
		634CDCB4292DA50C0016CCFE /* Resources */ = {
			isa = PBXResourcesBuildPhase;
			buildActionMask = 2147483647;
			files = (
				634CDCC9292DA50E0016CCFE /* LaunchScreen.storyboard in Resources */,
				634CDCC6292DA50E0016CCFE /* Assets.xcassets in Resources */,
				634CDCC1292DA50C0016CCFE /* Main.storyboard in Resources */,
			);
			runOnlyForDeploymentPostprocessing = 0;
		};
/* End PBXResourcesBuildPhase section */

/* Begin PBXSourcesBuildPhase section */
		634CDCB2292DA50C0016CCFE /* Sources */ = {
			isa = PBXSourcesBuildPhase;
			buildActionMask = 2147483647;
			files = (
				634CDCBE292DA50C0016CCFE /* MenuViewController.swift in Sources */,
				634CDCC4292DA50C0016CCFE /* filter_video.xcdatamodeld in Sources */,
				634CDCBA292DA50C0016CCFE /* AppDelegate.swift in Sources */,
				634CDCDE292F516E0016CCFE /* PlayerViewController.swift in Sources */,
				634CDCD8292DBD570016CCFE /* VideoHelper.swift in Sources */,
				634CDCDC292E52480016CCFE /* VideoEditor.swift in Sources */,
				634CDCBC292DA50C0016CCFE /* SceneDelegate.swift in Sources */,
			);
			runOnlyForDeploymentPostprocessing = 0;
		};
/* End PBXSourcesBuildPhase section */

/* Begin PBXVariantGroup section */
		634CDCBF292DA50C0016CCFE /* Main.storyboard */ = {
			isa = PBXVariantGroup;
			children = (
				634CDCC0292DA50C0016CCFE /* Base */,
			);
			name = Main.storyboard;
			sourceTree = "<group>";
		};
		634CDCC7292DA50E0016CCFE /* LaunchScreen.storyboard */ = {
			isa = PBXVariantGroup;
			children = (
				634CDCC8292DA50E0016CCFE /* Base */,
			);
			name = LaunchScreen.storyboard;
			sourceTree = "<group>";
		};
/* End PBXVariantGroup section */

/* Begin XCBuildConfiguration section */
		634CDCCB292DA50E0016CCFE /* Debug */ = {
			isa = XCBuildConfiguration;
			buildSettings = {
				ALWAYS_SEARCH_USER_PATHS = NO;
				CLANG_ANALYZER_NONNULL = YES;
				CLANG_ANALYZER_NUMBER_OBJECT_CONVERSION = YES_AGGRESSIVE;
				CLANG_CXX_LANGUAGE_STANDARD = "gnu++20";
				CLANG_ENABLE_MODULES = YES;
				CLANG_ENABLE_OBJC_ARC = YES;
				CLANG_ENABLE_OBJC_WEAK = YES;
				CLANG_WARN_BLOCK_CAPTURE_AUTORELEASING = YES;
				CLANG_WARN_BOOL_CONVERSION = YES;
				CLANG_WARN_COMMA = YES;
				CLANG_WARN_CONSTANT_CONVERSION = YES;
				CLANG_WARN_DEPRECATED_OBJC_IMPLEMENTATIONS = YES;
				CLANG_WARN_DIRECT_OBJC_ISA_USAGE = YES_ERROR;
				CLANG_WARN_DOCUMENTATION_COMMENTS = YES;
				CLANG_WARN_EMPTY_BODY = YES;
				CLANG_WARN_ENUM_CONVERSION = YES;
				CLANG_WARN_INFINITE_RECURSION = YES;
				CLANG_WARN_INT_CONVERSION = YES;
				CLANG_WARN_NON_LITERAL_NULL_CONVERSION = YES;
				CLANG_WARN_OBJC_IMPLICIT_RETAIN_SELF = YES;
				CLANG_WARN_OBJC_LITERAL_CONVERSION = YES;
				CLANG_WARN_OBJC_ROOT_CLASS = YES_ERROR;
				CLANG_WARN_QUOTED_INCLUDE_IN_FRAMEWORK_HEADER = YES;
				CLANG_WARN_RANGE_LOOP_ANALYSIS = YES;
				CLANG_WARN_STRICT_PROTOTYPES = YES;
				CLANG_WARN_SUSPICIOUS_MOVE = YES;
				CLANG_WARN_UNGUARDED_AVAILABILITY = YES_AGGRESSIVE;
				CLANG_WARN_UNREACHABLE_CODE = YES;
				CLANG_WARN__DUPLICATE_METHOD_MATCH = YES;
				COPY_PHASE_STRIP = NO;
				DEBUG_INFORMATION_FORMAT = dwarf;
				ENABLE_STRICT_OBJC_MSGSEND = YES;
				ENABLE_TESTABILITY = YES;
				GCC_C_LANGUAGE_STANDARD = gnu11;
				GCC_DYNAMIC_NO_PIC = NO;
				GCC_NO_COMMON_BLOCKS = YES;
				GCC_OPTIMIZATION_LEVEL = 0;
				GCC_PREPROCESSOR_DEFINITIONS = (
					"DEBUG=1",
					"$(inherited)",
				);
				GCC_WARN_64_TO_32_BIT_CONVERSION = YES;
				GCC_WARN_ABOUT_RETURN_TYPE = YES_ERROR;
				GCC_WARN_UNDECLARED_SELECTOR = YES;
				GCC_WARN_UNINITIALIZED_AUTOS = YES_AGGRESSIVE;
				GCC_WARN_UNUSED_FUNCTION = YES;
				GCC_WARN_UNUSED_VARIABLE = YES;
				IPHONEOS_DEPLOYMENT_TARGET = 14.0;
				MTL_ENABLE_DEBUG_INFO = INCLUDE_SOURCE;
				MTL_FAST_MATH = YES;
				ONLY_ACTIVE_ARCH = YES;
				SDKROOT = iphoneos;
				SWIFT_ACTIVE_COMPILATION_CONDITIONS = DEBUG;
				SWIFT_OPTIMIZATION_LEVEL = "-Onone";
			};
			name = Debug;
		};
		634CDCCC292DA50E0016CCFE /* Release */ = {
			isa = XCBuildConfiguration;
			buildSettings = {
				ALWAYS_SEARCH_USER_PATHS = NO;
				CLANG_ANALYZER_NONNULL = YES;
				CLANG_ANALYZER_NUMBER_OBJECT_CONVERSION = YES_AGGRESSIVE;
				CLANG_CXX_LANGUAGE_STANDARD = "gnu++20";
				CLANG_ENABLE_MODULES = YES;
				CLANG_ENABLE_OBJC_ARC = YES;
				CLANG_ENABLE_OBJC_WEAK = YES;
				CLANG_WARN_BLOCK_CAPTURE_AUTORELEASING = YES;
				CLANG_WARN_BOOL_CONVERSION = YES;
				CLANG_WARN_COMMA = YES;
				CLANG_WARN_CONSTANT_CONVERSION = YES;
				CLANG_WARN_DEPRECATED_OBJC_IMPLEMENTATIONS = YES;
				CLANG_WARN_DIRECT_OBJC_ISA_USAGE = YES_ERROR;
				CLANG_WARN_DOCUMENTATION_COMMENTS = YES;
				CLANG_WARN_EMPTY_BODY = YES;
				CLANG_WARN_ENUM_CONVERSION = YES;
				CLANG_WARN_INFINITE_RECURSION = YES;
				CLANG_WARN_INT_CONVERSION = YES;
				CLANG_WARN_NON_LITERAL_NULL_CONVERSION = YES;
				CLANG_WARN_OBJC_IMPLICIT_RETAIN_SELF = YES;
				CLANG_WARN_OBJC_LITERAL_CONVERSION = YES;
				CLANG_WARN_OBJC_ROOT_CLASS = YES_ERROR;
				CLANG_WARN_QUOTED_INCLUDE_IN_FRAMEWORK_HEADER = YES;
				CLANG_WARN_RANGE_LOOP_ANALYSIS = YES;
				CLANG_WARN_STRICT_PROTOTYPES = YES;
				CLANG_WARN_SUSPICIOUS_MOVE = YES;
				CLANG_WARN_UNGUARDED_AVAILABILITY = YES_AGGRESSIVE;
				CLANG_WARN_UNREACHABLE_CODE = YES;
				CLANG_WARN__DUPLICATE_METHOD_MATCH = YES;
				COPY_PHASE_STRIP = NO;
				DEBUG_INFORMATION_FORMAT = "dwarf-with-dsym";
				ENABLE_NS_ASSERTIONS = NO;
				ENABLE_STRICT_OBJC_MSGSEND = YES;
				GCC_C_LANGUAGE_STANDARD = gnu11;
				GCC_NO_COMMON_BLOCKS = YES;
				GCC_WARN_64_TO_32_BIT_CONVERSION = YES;
				GCC_WARN_ABOUT_RETURN_TYPE = YES_ERROR;
				GCC_WARN_UNDECLARED_SELECTOR = YES;
				GCC_WARN_UNINITIALIZED_AUTOS = YES_AGGRESSIVE;
				GCC_WARN_UNUSED_FUNCTION = YES;
				GCC_WARN_UNUSED_VARIABLE = YES;
				IPHONEOS_DEPLOYMENT_TARGET = 14.0;
				MTL_ENABLE_DEBUG_INFO = NO;
				MTL_FAST_MATH = YES;
				SDKROOT = iphoneos;
				SWIFT_COMPILATION_MODE = wholemodule;
				SWIFT_OPTIMIZATION_LEVEL = "-O";
				VALIDATE_PRODUCT = YES;
			};
			name = Release;
		};
		634CDCCE292DA50E0016CCFE /* Debug */ = {
			isa = XCBuildConfiguration;
			buildSettings = {
				ASSETCATALOG_COMPILER_APPICON_NAME = AppIcon;
				ASSETCATALOG_COMPILER_GLOBAL_ACCENT_COLOR_NAME = AccentColor;
				CODE_SIGN_STYLE = Automatic;
				CURRENT_PROJECT_VERSION = 1;
				DEVELOPMENT_TEAM = 3LTF5F2YL4;
				GENERATE_INFOPLIST_FILE = YES;
				INFOPLIST_FILE = "filter-video/Info.plist";
				INFOPLIST_KEY_UIApplicationSupportsIndirectInputEvents = YES;
				INFOPLIST_KEY_UILaunchStoryboardName = LaunchScreen;
				INFOPLIST_KEY_UIMainStoryboardFile = Main;
				INFOPLIST_KEY_UISupportedInterfaceOrientations_iPad = "UIInterfaceOrientationPortrait UIInterfaceOrientationPortraitUpsideDown UIInterfaceOrientationLandscapeLeft UIInterfaceOrientationLandscapeRight";
				INFOPLIST_KEY_UISupportedInterfaceOrientations_iPhone = "UIInterfaceOrientationPortrait UIInterfaceOrientationLandscapeLeft UIInterfaceOrientationLandscapeRight";
				LD_RUNPATH_SEARCH_PATHS = (
					"$(inherited)",
					"@executable_path/Frameworks",
				);
				MARKETING_VERSION = 1.0;
				PRODUCT_BUNDLE_IDENTIFIER = "com.YeahgDev.filter-video";
				PRODUCT_NAME = "$(TARGET_NAME)";
				SWIFT_EMIT_LOC_STRINGS = YES;
				SWIFT_VERSION = 5.0;
				TARGETED_DEVICE_FAMILY = "1,2";
			};
			name = Debug;
		};
		634CDCCF292DA50E0016CCFE /* Release */ = {
			isa = XCBuildConfiguration;
			buildSettings = {
				ASSETCATALOG_COMPILER_APPICON_NAME = AppIcon;
				ASSETCATALOG_COMPILER_GLOBAL_ACCENT_COLOR_NAME = AccentColor;
				CODE_SIGN_STYLE = Automatic;
				CURRENT_PROJECT_VERSION = 1;
				DEVELOPMENT_TEAM = 3LTF5F2YL4;
				GENERATE_INFOPLIST_FILE = YES;
				INFOPLIST_FILE = "filter-video/Info.plist";
				INFOPLIST_KEY_UIApplicationSupportsIndirectInputEvents = YES;
				INFOPLIST_KEY_UILaunchStoryboardName = LaunchScreen;
				INFOPLIST_KEY_UIMainStoryboardFile = Main;
				INFOPLIST_KEY_UISupportedInterfaceOrientations_iPad = "UIInterfaceOrientationPortrait UIInterfaceOrientationPortraitUpsideDown UIInterfaceOrientationLandscapeLeft UIInterfaceOrientationLandscapeRight";
				INFOPLIST_KEY_UISupportedInterfaceOrientations_iPhone = "UIInterfaceOrientationPortrait UIInterfaceOrientationLandscapeLeft UIInterfaceOrientationLandscapeRight";
				LD_RUNPATH_SEARCH_PATHS = (
					"$(inherited)",
					"@executable_path/Frameworks",
				);
				MARKETING_VERSION = 1.0;
				PRODUCT_BUNDLE_IDENTIFIER = "com.YeahgDev.filter-video";
				PRODUCT_NAME = "$(TARGET_NAME)";
				SWIFT_EMIT_LOC_STRINGS = YES;
				SWIFT_VERSION = 5.0;
				TARGETED_DEVICE_FAMILY = "1,2";
			};
			name = Release;
		};
/* End XCBuildConfiguration section */

/* Begin XCConfigurationList section */
		634CDCB1292DA50C0016CCFE /* Build configuration list for PBXProject "filter-video" */ = {
			isa = XCConfigurationList;
			buildConfigurations = (
				634CDCCB292DA50E0016CCFE /* Debug */,
				634CDCCC292DA50E0016CCFE /* Release */,
			);
			defaultConfigurationIsVisible = 0;
			defaultConfigurationName = Release;
		};
		634CDCCD292DA50E0016CCFE /* Build configuration list for PBXNativeTarget "filter-video" */ = {
			isa = XCConfigurationList;
			buildConfigurations = (
				634CDCCE292DA50E0016CCFE /* Debug */,
				634CDCCF292DA50E0016CCFE /* Release */,
			);
			defaultConfigurationIsVisible = 0;
			defaultConfigurationName = Release;
		};
/* End XCConfigurationList section */

/* Begin XCVersionGroup section */
		634CDCC2292DA50C0016CCFE /* filter_video.xcdatamodeld */ = {
			isa = XCVersionGroup;
			children = (
				634CDCC3292DA50C0016CCFE /* filter_video.xcdatamodel */,
			);
			currentVersion = 634CDCC3292DA50C0016CCFE /* filter_video.xcdatamodel */;
			path = filter_video.xcdatamodeld;
			sourceTree = "<group>";
			versionGroupType = wrapper.xcdatamodel;
		};
/* End XCVersionGroup section */
	};
	rootObject = 634CDCAE292DA50C0016CCFE /* Project object */;
}
